{
    "_meta": {
        "hash": {
            "sha256": "6fd62157080e3936b0659e6bd97ea86664459650fc0f480f38de684b3a2aad6f"
        },
        "pipfile-spec": 6,
        "requires": {
            "python_version": "3.10"
        },
        "sources": [
            {
                "name": "pypi",
                "url": "https://pypi.org/simple",
                "verify_ssl": true
            }
        ]
    },
    "default": {
        "asgiref": {
            "hashes": [
                "sha256:71e68008da809b957b7ee4b43dbccff33d1b23519fb8344e33f049897077afac",
                "sha256:9567dfe7bd8d3c8c892227827c41cce860b368104c3431da67a0c5a65a949506"
            ],
            "markers": "python_version >= '3.7'",
            "version": "==3.6.0"
        },
        "async-timeout": {
            "hashes": [
                "sha256:2163e1640ddb52b7a8c80d0a67a08587e5d245cc9c553a74a847056bc2976b15",
                "sha256:8ca1e4fcf50d07413d66d1a5e416e42cfdf5851c981d679a09851a6853383b3c"
            ],
            "markers": "python_version >= '3.6'",
            "version": "==4.0.2"
        },
        "certifi": {
            "hashes": [
                "sha256:35824b4c3a97115964b408844d64aa14db1cc518f6562e8d7261699d1350a9e3",
                "sha256:4ad3232f5e926d6718ec31cfc1fcadfde020920e278684144551c91769c7bc18"
            ],
            "markers": "python_version >= '3.6'",
            "version": "==2022.12.7"
        },
        "charset-normalizer": {
            "hashes": [
                "sha256:00d3ffdaafe92a5dc603cb9bd5111aaa36dfa187c8285c543be562e61b755f6b",
                "sha256:024e606be3ed92216e2b6952ed859d86b4cfa52cd5bc5f050e7dc28f9b43ec42",
                "sha256:0298eafff88c99982a4cf66ba2efa1128e4ddaca0b05eec4c456bbc7db691d8d",
                "sha256:02a51034802cbf38db3f89c66fb5d2ec57e6fe7ef2f4a44d070a593c3688667b",
                "sha256:083c8d17153ecb403e5e1eb76a7ef4babfc2c48d58899c98fcaa04833e7a2f9a",
                "sha256:0a11e971ed097d24c534c037d298ad32c6ce81a45736d31e0ff0ad37ab437d59",
                "sha256:0bf2dae5291758b6f84cf923bfaa285632816007db0330002fa1de38bfcb7154",
                "sha256:0c0a590235ccd933d9892c627dec5bc7511ce6ad6c1011fdf5b11363022746c1",
                "sha256:0f438ae3532723fb6ead77e7c604be7c8374094ef4ee2c5e03a3a17f1fca256c",
                "sha256:109487860ef6a328f3eec66f2bf78b0b72400280d8f8ea05f69c51644ba6521a",
                "sha256:11b53acf2411c3b09e6af37e4b9005cba376c872503c8f28218c7243582df45d",
                "sha256:12db3b2c533c23ab812c2b25934f60383361f8a376ae272665f8e48b88e8e1c6",
                "sha256:14e76c0f23218b8f46c4d87018ca2e441535aed3632ca134b10239dfb6dadd6b",
                "sha256:16a8663d6e281208d78806dbe14ee9903715361cf81f6d4309944e4d1e59ac5b",
                "sha256:292d5e8ba896bbfd6334b096e34bffb56161c81408d6d036a7dfa6929cff8783",
                "sha256:2c03cc56021a4bd59be889c2b9257dae13bf55041a3372d3295416f86b295fb5",
                "sha256:2e396d70bc4ef5325b72b593a72c8979999aa52fb8bcf03f701c1b03e1166918",
                "sha256:2edb64ee7bf1ed524a1da60cdcd2e1f6e2b4f66ef7c077680739f1641f62f555",
                "sha256:31a9ddf4718d10ae04d9b18801bd776693487cbb57d74cc3458a7673f6f34639",
                "sha256:356541bf4381fa35856dafa6a965916e54bed415ad8a24ee6de6e37deccf2786",
                "sha256:358a7c4cb8ba9b46c453b1dd8d9e431452d5249072e4f56cfda3149f6ab1405e",
                "sha256:37f8febc8ec50c14f3ec9637505f28e58d4f66752207ea177c1d67df25da5aed",
                "sha256:39049da0ffb96c8cbb65cbf5c5f3ca3168990adf3551bd1dee10c48fce8ae820",
                "sha256:39cf9ed17fe3b1bc81f33c9ceb6ce67683ee7526e65fde1447c772afc54a1bb8",
                "sha256:3ae1de54a77dc0d6d5fcf623290af4266412a7c4be0b1ff7444394f03f5c54e3",
                "sha256:3b590df687e3c5ee0deef9fc8c547d81986d9a1b56073d82de008744452d6541",
                "sha256:3e45867f1f2ab0711d60c6c71746ac53537f1684baa699f4f668d4c6f6ce8e14",
                "sha256:3fc1c4a2ffd64890aebdb3f97e1278b0cc72579a08ca4de8cd2c04799a3a22be",
                "sha256:4457ea6774b5611f4bed5eaa5df55f70abde42364d498c5134b7ef4c6958e20e",
                "sha256:44ba614de5361b3e5278e1241fda3dc1838deed864b50a10d7ce92983797fa76",
                "sha256:4a8fcf28c05c1f6d7e177a9a46a1c52798bfe2ad80681d275b10dcf317deaf0b",
                "sha256:4b0d02d7102dd0f997580b51edc4cebcf2ab6397a7edf89f1c73b586c614272c",
                "sha256:502218f52498a36d6bf5ea77081844017bf7982cdbe521ad85e64cabee1b608b",
                "sha256:503e65837c71b875ecdd733877d852adbc465bd82c768a067badd953bf1bc5a3",
                "sha256:5995f0164fa7df59db4746112fec3f49c461dd6b31b841873443bdb077c13cfc",
                "sha256:59e5686dd847347e55dffcc191a96622f016bc0ad89105e24c14e0d6305acbc6",
                "sha256:601f36512f9e28f029d9481bdaf8e89e5148ac5d89cffd3b05cd533eeb423b59",
                "sha256:608862a7bf6957f2333fc54ab4399e405baad0163dc9f8d99cb236816db169d4",
                "sha256:62595ab75873d50d57323a91dd03e6966eb79c41fa834b7a1661ed043b2d404d",
                "sha256:70990b9c51340e4044cfc394a81f614f3f90d41397104d226f21e66de668730d",
                "sha256:71140351489970dfe5e60fc621ada3e0f41104a5eddaca47a7acb3c1b851d6d3",
                "sha256:72966d1b297c741541ca8cf1223ff262a6febe52481af742036a0b296e35fa5a",
                "sha256:74292fc76c905c0ef095fe11e188a32ebd03bc38f3f3e9bcb85e4e6db177b7ea",
                "sha256:761e8904c07ad053d285670f36dd94e1b6ab7f16ce62b9805c475b7aa1cffde6",
                "sha256:772b87914ff1152b92a197ef4ea40efe27a378606c39446ded52c8f80f79702e",
                "sha256:79909e27e8e4fcc9db4addea88aa63f6423ebb171db091fb4373e3312cb6d603",
                "sha256:7e189e2e1d3ed2f4aebabd2d5b0f931e883676e51c7624826e0a4e5fe8a0bf24",
                "sha256:7eb33a30d75562222b64f569c642ff3dc6689e09adda43a082208397f016c39a",
                "sha256:81d6741ab457d14fdedc215516665050f3822d3e56508921cc7239f8c8e66a58",
                "sha256:8499ca8f4502af841f68135133d8258f7b32a53a1d594aa98cc52013fff55678",
                "sha256:84c3990934bae40ea69a82034912ffe5a62c60bbf6ec5bc9691419641d7d5c9a",
                "sha256:87701167f2a5c930b403e9756fab1d31d4d4da52856143b609e30a1ce7160f3c",
                "sha256:88600c72ef7587fe1708fd242b385b6ed4b8904976d5da0893e31df8b3480cb6",
                "sha256:8ac7b6a045b814cf0c47f3623d21ebd88b3e8cf216a14790b455ea7ff0135d18",
                "sha256:8b8af03d2e37866d023ad0ddea594edefc31e827fee64f8de5611a1dbc373174",
                "sha256:8c7fe7afa480e3e82eed58e0ca89f751cd14d767638e2550c77a92a9e749c317",
                "sha256:8eade758719add78ec36dc13201483f8e9b5d940329285edcd5f70c0a9edbd7f",
                "sha256:911d8a40b2bef5b8bbae2e36a0b103f142ac53557ab421dc16ac4aafee6f53dc",
                "sha256:93ad6d87ac18e2a90b0fe89df7c65263b9a99a0eb98f0a3d2e079f12a0735837",
                "sha256:95dea361dd73757c6f1c0a1480ac499952c16ac83f7f5f4f84f0658a01b8ef41",
                "sha256:9ab77acb98eba3fd2a85cd160851816bfce6871d944d885febf012713f06659c",
                "sha256:9cb3032517f1627cc012dbc80a8ec976ae76d93ea2b5feaa9d2a5b8882597579",
                "sha256:9cf4e8ad252f7c38dd1f676b46514f92dc0ebeb0db5552f5f403509705e24753",
                "sha256:9d9153257a3f70d5f69edf2325357251ed20f772b12e593f3b3377b5f78e7ef8",
                "sha256:a152f5f33d64a6be73f1d30c9cc82dfc73cec6477ec268e7c6e4c7d23c2d2291",
                "sha256:a16418ecf1329f71df119e8a65f3aa68004a3f9383821edcb20f0702934d8087",
                "sha256:a60332922359f920193b1d4826953c507a877b523b2395ad7bc716ddd386d866",
                "sha256:a8d0fc946c784ff7f7c3742310cc8a57c5c6dc31631269876a88b809dbeff3d3",
                "sha256:ab5de034a886f616a5668aa5d098af2b5385ed70142090e2a31bcbd0af0fdb3d",
                "sha256:c22d3fe05ce11d3671297dc8973267daa0f938b93ec716e12e0f6dee81591dc1",
                "sha256:c2ac1b08635a8cd4e0cbeaf6f5e922085908d48eb05d44c5ae9eabab148512ca",
                "sha256:c512accbd6ff0270939b9ac214b84fb5ada5f0409c44298361b2f5e13f9aed9e",
                "sha256:c75ffc45f25324e68ab238cb4b5c0a38cd1c3d7f1fb1f72b5541de469e2247db",
                "sha256:c95a03c79bbe30eec3ec2b7f076074f4281526724c8685a42872974ef4d36b72",
                "sha256:cadaeaba78750d58d3cc6ac4d1fd867da6fc73c88156b7a3212a3cd4819d679d",
                "sha256:cd6056167405314a4dc3c173943f11249fa0f1b204f8b51ed4bde1a9cd1834dc",
                "sha256:db72b07027db150f468fbada4d85b3b2729a3db39178abf5c543b784c1254539",
                "sha256:df2c707231459e8a4028eabcd3cfc827befd635b3ef72eada84ab13b52e1574d",
                "sha256:e62164b50f84e20601c1ff8eb55620d2ad25fb81b59e3cd776a1902527a788af",
                "sha256:e696f0dd336161fca9adbb846875d40752e6eba585843c768935ba5c9960722b",
                "sha256:eaa379fcd227ca235d04152ca6704c7cb55564116f8bc52545ff357628e10602",
                "sha256:ebea339af930f8ca5d7a699b921106c6e29c617fe9606fa7baa043c1cdae326f",
                "sha256:f4c39b0e3eac288fedc2b43055cfc2ca7a60362d0e5e87a637beac5d801ef478",
                "sha256:f5057856d21e7586765171eac8b9fc3f7d44ef39425f85dbcccb13b3ebea806c",
                "sha256:f6f45710b4459401609ebebdbcfb34515da4fc2aa886f95107f556ac69a9147e",
                "sha256:f97e83fa6c25693c7a35de154681fcc257c1c41b38beb0304b9c4d2d9e164479",
                "sha256:f9d0c5c045a3ca9bedfc35dca8526798eb91a07aa7a2c0fee134c6c6f321cbd7",
                "sha256:ff6f3db31555657f3163b15a6b7c6938d08df7adbfc9dd13d9d19edad678f1e8"
            ],
            "markers": "python_version >= '3'",
            "version": "==3.0.1"
        },
        "django": {
            "hashes": [
                "sha256:0604e84c4fb698a5e53e5857b5aea945b2f19a18f25f10b8748dbdf935788927",
                "sha256:21f0f9643722675976004eb683c55d33c05486f94506672df3d6a141546f389d"
            ],
            "index": "pypi",
            "version": "==3.2"
        },
        "django-browser-reload": {
            "hashes": [
                "sha256:31b8b2d51e8faa5878f21e6b60b8f43e1123907c6e082e9e967962ba63958829",
                "sha256:9ca69c71796f53868bdc7421f120d147f7a64faa0d5d8c06970ba3f8061af63c"
            ],
            "markers": "python_version >= '3.7'",
            "version": "==1.6.0"
        },
        "django-crispy-forms": {
            "hashes": [
                "sha256:35887b8851a931374dd697207a8f56c57a9c5cb9dbf0b9fa54314da5666cea5b",
                "sha256:bc4d2037f6de602d39c0bc452ac3029d1f5d65e88458872cc4dbc01c3a400604"
            ],
            "index": "pypi",
            "version": "==1.14.0"
        },
        "django-tailwind": {
            "hashes": [
                "sha256:3e80b7d2187dabc082f7bb08fb983f412cce0c120080a05cde060b1cb461bb16",
                "sha256:51e67e3d8a9597b8b4dbbd82f8f3336ffc8e2e20bf5ef1bfa49dc832ae2248be"
            ],
            "index": "pypi",
            "version": "==3.3.0"
        },
        "fontawesomefree": {
            "hashes": [
                "sha256:961d015f2f2355b389429d6f18006d304573ab88455ea39cc15975a7a59f048f"
            ],
            "index": "pypi",
            "version": "==6.2.1"
        },
        "idna": {
            "hashes": [
                "sha256:814f528e8dead7d329833b91c5faa87d60bf71824cd12a7530b5526063d02cb4",
                "sha256:90b77e79eaa3eba6de819a0c442c0b4ceefc341a7a2ab77d7562bf49f425c5c2"
            ],
            "markers": "python_version >= '3.5'",
            "version": "==3.4"
        },
        "joblib": {
            "hashes": [
                "sha256:091138ed78f800342968c523bdde947e7a305b8594b910a0fea2ab83c3c6d385",
                "sha256:e1cee4a79e4af22881164f218d4311f60074197fb707e082e803b61f6d137018"
            ],
            "markers": "python_version >= '3.7'",
            "version": "==1.2.0"
        },
        "mutagen": {
            "hashes": [
                "sha256:6e5f8ba84836b99fe60be5fb27f84be4ad919bbb6b49caa6ae81e70584b55e58",
                "sha256:8af0728aa2d5c3ee5a727e28d0627966641fddfe804c23eabb5926a4d770aed5"
            ],
            "index": "pypi",
            "version": "==1.46.0"
        },
        "numpy": {
            "hashes": [
                "sha256:0044f7d944ee882400890f9ae955220d29b33d809a038923d88e4e01d652acd9",
                "sha256:0e3463e6ac25313462e04aea3fb8a0a30fb906d5d300f58b3bc2c23da6a15398",
                "sha256:179a7ef0889ab769cc03573b6217f54c8bd8e16cef80aad369e1e8185f994cd7",
                "sha256:2386da9a471cc00a1f47845e27d916d5ec5346ae9696e01a8a34760858fe9dd2",
                "sha256:26089487086f2648944f17adaa1a97ca6aee57f513ba5f1c0b7ebdabbe2b9954",
                "sha256:28bc9750ae1f75264ee0f10561709b1462d450a4808cd97c013046073ae64ab6",
                "sha256:28e418681372520c992805bb723e29d69d6b7aa411065f48216d8329d02ba032",
                "sha256:442feb5e5bada8408e8fcd43f3360b78683ff12a4444670a7d9e9824c1817d36",
                "sha256:6ec0c021cd9fe732e5bab6401adea5a409214ca5592cd92a114f7067febcba0c",
                "sha256:7094891dcf79ccc6bc2a1f30428fa5edb1e6fb955411ffff3401fb4ea93780a8",
                "sha256:84e789a085aabef2f36c0515f45e459f02f570c4b4c4c108ac1179c34d475ed7",
                "sha256:87a118968fba001b248aac90e502c0b13606721b1343cdaddbc6e552e8dfb56f",
                "sha256:8e669fbdcdd1e945691079c2cae335f3e3a56554e06bbd45d7609a6cf568c700",
                "sha256:ad2925567f43643f51255220424c23d204024ed428afc5aad0f86f3ffc080086",
                "sha256:b0677a52f5d896e84414761531947c7a330d1adc07c3a4372262f25d84af7bf7",
                "sha256:b07b40f5fb4fa034120a5796288f24c1fe0e0580bbfff99897ba6267af42def2",
                "sha256:b09804ff570b907da323b3d762e74432fb07955701b17b08ff1b5ebaa8cfe6a9",
                "sha256:b162ac10ca38850510caf8ea33f89edcb7b0bb0dfa5592d59909419986b72407",
                "sha256:b31da69ed0c18be8b77bfce48d234e55d040793cebb25398e2a7d84199fbc7e2",
                "sha256:caf65a396c0d1f9809596be2e444e3bd4190d86d5c1ce21f5fc4be60a3bc5b36",
                "sha256:cfa1161c6ac8f92dea03d625c2d0c05e084668f4a06568b77a25a89111621566",
                "sha256:dae46bed2cb79a58d6496ff6d8da1e3b95ba09afeca2e277628171ca99b99db1",
                "sha256:ddc7ab52b322eb1e40521eb422c4e0a20716c271a306860979d450decbb51b8e",
                "sha256:de92efa737875329b052982e37bd4371d52cabf469f83e7b8be9bb7752d67e51",
                "sha256:e274f0f6c7efd0d577744f52032fdd24344f11c5ae668fe8d01aac0422611df1",
                "sha256:ed5fb71d79e771ec930566fae9c02626b939e37271ec285e9efaf1b5d4370e7d",
                "sha256:ef85cf1f693c88c1fd229ccd1055570cb41cdf4875873b7728b6301f12cd05bf",
                "sha256:f1b739841821968798947d3afcefd386fa56da0caf97722a5de53e07c4ccedc7"
            ],
            "index": "pypi",
            "version": "==1.24.1"
        },
        "pandas": {
            "hashes": [
                "sha256:14e45300521902689a81f3f41386dc86f19b8ba8dd5ac5a3c7010ef8d2932813",
                "sha256:26d9c71772c7afb9d5046e6e9cf42d83dd147b5cf5bcb9d97252077118543792",
                "sha256:3749077d86e3a2f0ed51367f30bf5b82e131cc0f14260c4d3e499186fccc4406",
                "sha256:41179ce559943d83a9b4bbacb736b04c928b095b5f25dd2b7389eda08f46f373",
                "sha256:478ff646ca42b20376e4ed3fa2e8d7341e8a63105586efe54fa2508ee087f328",
                "sha256:50869a35cbb0f2e0cd5ec04b191e7b12ed688874bd05dd777c19b28cbea90996",
                "sha256:565fa34a5434d38e9d250af3c12ff931abaf88050551d9fbcdfafca50d62babf",
                "sha256:5f2b952406a1588ad4cad5b3f55f520e82e902388a6d5a4a91baa8d38d23c7f6",
                "sha256:5fbcb19d6fceb9e946b3e23258757c7b225ba450990d9ed63ccceeb8cae609f7",
                "sha256:6973549c01ca91ec96199e940495219c887ea815b2083722821f1d7abfa2b4dc",
                "sha256:74a3fd7e5a7ec052f183273dc7b0acd3a863edf7520f5d3a1765c04ffdb3b0b1",
                "sha256:7a0a56cef15fd1586726dace5616db75ebcfec9179a3a55e78f72c5639fa2a23",
                "sha256:7cec0bee9f294e5de5bbfc14d0573f65526071029d036b753ee6507d2a21480a",
                "sha256:87bd9c03da1ac870a6d2c8902a0e1fd4267ca00f13bc494c9e5a9020920e1d51",
                "sha256:972d8a45395f2a2d26733eb8d0f629b2f90bebe8e8eddbb8829b180c09639572",
                "sha256:9842b6f4b8479e41968eced654487258ed81df7d1c9b7b870ceea24ed9459b31",
                "sha256:9f69c4029613de47816b1bb30ff5ac778686688751a5e9c99ad8c7031f6508e5",
                "sha256:a50d9a4336a9621cab7b8eb3fb11adb82de58f9b91d84c2cd526576b881a0c5a",
                "sha256:bc4c368f42b551bf72fac35c5128963a171b40dce866fb066540eeaf46faa003",
                "sha256:c39a8da13cede5adcd3be1182883aea1c925476f4e84b2807a46e2775306305d",
                "sha256:c3ac844a0fe00bfaeb2c9b51ab1424e5c8744f89860b138434a363b1f620f354",
                "sha256:c4c00e0b0597c8e4f59e8d461f797e5d70b4d025880516a8261b2817c47759ee",
                "sha256:c74a62747864ed568f5a82a49a23a8d7fe171d0c69038b38cedf0976831296fa",
                "sha256:dd05f7783b3274aa206a1af06f0ceed3f9b412cf665b7247eacd83be41cf7bf0",
                "sha256:dfd681c5dc216037e0b0a2c821f5ed99ba9f03ebcf119c7dac0e9a7b960b9ec9",
                "sha256:e474390e60ed609cec869b0da796ad94f420bb057d86784191eefc62b65819ae",
                "sha256:f76d097d12c82a535fda9dfe5e8dd4127952b45fea9b0276cb30cca5ea313fbc"
            ],
            "index": "pypi",
            "version": "==1.5.3"
        },
        "pillow": {
            "hashes": [
                "sha256:013016af6b3a12a2f40b704677f8b51f72cb007dac785a9933d5c86a72a7fe33",
                "sha256:0845adc64fe9886db00f5ab68c4a8cd933ab749a87747555cec1c95acea64b0b",
                "sha256:0884ba7b515163a1a05440a138adeb722b8a6ae2c2b33aea93ea3118dd3a899e",
                "sha256:09b89ddc95c248ee788328528e6a2996e09eaccddeeb82a5356e92645733be35",
                "sha256:0dd4c681b82214b36273c18ca7ee87065a50e013112eea7d78c7a1b89a739153",
                "sha256:0e51f608da093e5d9038c592b5b575cadc12fd748af1479b5e858045fff955a9",
                "sha256:0f3269304c1a7ce82f1759c12ce731ef9b6e95b6df829dccd9fe42912cc48569",
                "sha256:16a8df99701f9095bea8a6c4b3197da105df6f74e6176c5b410bc2df2fd29a57",
                "sha256:19005a8e58b7c1796bc0167862b1f54a64d3b44ee5d48152b06bb861458bc0f8",
                "sha256:1b4b4e9dda4f4e4c4e6896f93e84a8f0bcca3b059de9ddf67dac3c334b1195e1",
                "sha256:28676836c7796805914b76b1837a40f76827ee0d5398f72f7dcc634bae7c6264",
                "sha256:2968c58feca624bb6c8502f9564dd187d0e1389964898f5e9e1fbc8533169157",
                "sha256:3f4cc516e0b264c8d4ccd6b6cbc69a07c6d582d8337df79be1e15a5056b258c9",
                "sha256:3fa1284762aacca6dc97474ee9c16f83990b8eeb6697f2ba17140d54b453e133",
                "sha256:43521ce2c4b865d385e78579a082b6ad1166ebed2b1a2293c3be1d68dd7ca3b9",
                "sha256:451f10ef963918e65b8869e17d67db5e2f4ab40e716ee6ce7129b0cde2876eab",
                "sha256:46c259e87199041583658457372a183636ae8cd56dbf3f0755e0f376a7f9d0e6",
                "sha256:46f39cab8bbf4a384ba7cb0bc8bae7b7062b6a11cfac1ca4bc144dea90d4a9f5",
                "sha256:519e14e2c49fcf7616d6d2cfc5c70adae95682ae20f0395e9280db85e8d6c4df",
                "sha256:53dcb50fbdc3fb2c55431a9b30caeb2f7027fcd2aeb501459464f0214200a503",
                "sha256:54614444887e0d3043557d9dbc697dbb16cfb5a35d672b7a0fcc1ed0cf1c600b",
                "sha256:575d8912dca808edd9acd6f7795199332696d3469665ef26163cd090fa1f8bfa",
                "sha256:5dd5a9c3091a0f414a963d427f920368e2b6a4c2f7527fdd82cde8ef0bc7a327",
                "sha256:5f532a2ad4d174eb73494e7397988e22bf427f91acc8e6ebf5bb10597b49c493",
                "sha256:60e7da3a3ad1812c128750fc1bc14a7ceeb8d29f77e0a2356a8fb2aa8925287d",
                "sha256:653d7fb2df65efefbcbf81ef5fe5e5be931f1ee4332c2893ca638c9b11a409c4",
                "sha256:6663977496d616b618b6cfa43ec86e479ee62b942e1da76a2c3daa1c75933ef4",
                "sha256:6abfb51a82e919e3933eb137e17c4ae9c0475a25508ea88993bb59faf82f3b35",
                "sha256:6c6b1389ed66cdd174d040105123a5a1bc91d0aa7059c7261d20e583b6d8cbd2",
                "sha256:6d9dfb9959a3b0039ee06c1a1a90dc23bac3b430842dcb97908ddde05870601c",
                "sha256:765cb54c0b8724a7c12c55146ae4647e0274a839fb6de7bcba841e04298e1011",
                "sha256:7a21222644ab69ddd9967cfe6f2bb420b460dae4289c9d40ff9a4896e7c35c9a",
                "sha256:7ac7594397698f77bce84382929747130765f66406dc2cd8b4ab4da68ade4c6e",
                "sha256:7cfc287da09f9d2a7ec146ee4d72d6ea1342e770d975e49a8621bf54eaa8f30f",
                "sha256:83125753a60cfc8c412de5896d10a0a405e0bd88d0470ad82e0869ddf0cb3848",
                "sha256:847b114580c5cc9ebaf216dd8c8dbc6b00a3b7ab0131e173d7120e6deade1f57",
                "sha256:87708d78a14d56a990fbf4f9cb350b7d89ee8988705e58e39bdf4d82c149210f",
                "sha256:8a2b5874d17e72dfb80d917213abd55d7e1ed2479f38f001f264f7ce7bae757c",
                "sha256:8f127e7b028900421cad64f51f75c051b628db17fb00e099eb148761eed598c9",
                "sha256:94cdff45173b1919350601f82d61365e792895e3c3a3443cf99819e6fbf717a5",
                "sha256:99d92d148dd03fd19d16175b6d355cc1b01faf80dae93c6c3eb4163709edc0a9",
                "sha256:9a3049a10261d7f2b6514d35bbb7a4dfc3ece4c4de14ef5876c4b7a23a0e566d",
                "sha256:9d9a62576b68cd90f7075876f4e8444487db5eeea0e4df3ba298ee38a8d067b0",
                "sha256:9e5f94742033898bfe84c93c831a6f552bb629448d4072dd312306bab3bd96f1",
                "sha256:a1c2d7780448eb93fbcc3789bf3916aa5720d942e37945f4056680317f1cd23e",
                "sha256:a2e0f87144fcbbe54297cae708c5e7f9da21a4646523456b00cc956bd4c65815",
                "sha256:a4dfdae195335abb4e89cc9762b2edc524f3c6e80d647a9a81bf81e17e3fb6f0",
                "sha256:a96e6e23f2b79433390273eaf8cc94fec9c6370842e577ab10dabdcc7ea0a66b",
                "sha256:aabdab8ec1e7ca7f1434d042bf8b1e92056245fb179790dc97ed040361f16bfd",
                "sha256:b222090c455d6d1a64e6b7bb5f4035c4dff479e22455c9eaa1bdd4c75b52c80c",
                "sha256:b52ff4f4e002f828ea6483faf4c4e8deea8d743cf801b74910243c58acc6eda3",
                "sha256:b70756ec9417c34e097f987b4d8c510975216ad26ba6e57ccb53bc758f490dab",
                "sha256:b8c2f6eb0df979ee99433d8b3f6d193d9590f735cf12274c108bd954e30ca858",
                "sha256:b9b752ab91e78234941e44abdecc07f1f0d8f51fb62941d32995b8161f68cfe5",
                "sha256:ba6612b6548220ff5e9df85261bddc811a057b0b465a1226b39bfb8550616aee",
                "sha256:bd752c5ff1b4a870b7661234694f24b1d2b9076b8bf337321a814c612665f343",
                "sha256:c3c4ed2ff6760e98d262e0cc9c9a7f7b8a9f61aa4d47c58835cdaf7b0b8811bb",
                "sha256:c5c1362c14aee73f50143d74389b2c158707b4abce2cb055b7ad37ce60738d47",
                "sha256:cb362e3b0976dc994857391b776ddaa8c13c28a16f80ac6522c23d5257156bed",
                "sha256:d197df5489004db87d90b918033edbeee0bd6df3848a204bca3ff0a903bef837",
                "sha256:d3b56206244dc8711f7e8b7d6cad4663917cd5b2d950799425076681e8766286",
                "sha256:d5b2f8a31bd43e0f18172d8ac82347c8f37ef3e0b414431157718aa234991b28",
                "sha256:d7081c084ceb58278dd3cf81f836bc818978c0ccc770cbbb202125ddabec6628",
                "sha256:db74f5562c09953b2c5f8ec4b7dfd3f5421f31811e97d1dbc0a7c93d6e3a24df",
                "sha256:df41112ccce5d47770a0c13651479fbcd8793f34232a2dd9faeccb75eb5d0d0d",
                "sha256:e1339790c083c5a4de48f688b4841f18df839eb3c9584a770cbd818b33e26d5d",
                "sha256:e621b0246192d3b9cb1dc62c78cfa4c6f6d2ddc0ec207d43c0dedecb914f152a",
                "sha256:e8c5cf126889a4de385c02a2c3d3aba4b00f70234bfddae82a5eaa3ee6d5e3e6",
                "sha256:e9d7747847c53a16a729b6ee5e737cf170f7a16611c143d95aa60a109a59c336",
                "sha256:eaef5d2de3c7e9b21f1e762f289d17b726c2239a42b11e25446abf82b26ac132",
                "sha256:ed3e4b4e1e6de75fdc16d3259098de7c6571b1a6cc863b1a49e7d3d53e036070",
                "sha256:ef21af928e807f10bf4141cad4746eee692a0dd3ff56cfb25fce076ec3cc8abe",
                "sha256:f09598b416ba39a8f489c124447b007fe865f786a89dbfa48bb5cf395693132a",
                "sha256:f0caf4a5dcf610d96c3bd32932bfac8aee61c96e60481c2a0ea58da435e25acd",
                "sha256:f6e78171be3fb7941f9910ea15b4b14ec27725865a73c15277bc39f5ca4f8391",
                "sha256:f715c32e774a60a337b2bb8ad9839b4abf75b267a0f18806f6f4f5f1688c4b5a",
                "sha256:fb5c1ad6bad98c57482236a21bf985ab0ef42bd51f7ad4e4538e89a997624e12"
            ],
            "index": "pypi",
            "version": "==9.4.0"
        },
        "python-dateutil": {
            "hashes": [
                "sha256:0123cacc1627ae19ddf3c27a5de5bd67ee4586fbdd6440d9748f8abb483d3e86",
                "sha256:961d03dc3453ebbc59dbdea9e4e11c5651520a876d0f4db161e8674aae935da9"
            ],
            "markers": "python_version >= '2.7' and python_version not in '3.0, 3.1, 3.2, 3.3'",
            "version": "==2.8.2"
        },
        "python-dotenv": {
            "hashes": [
                "sha256:1684eb44636dd462b66c3ee016599815514527ad99965de77f43e0944634a7e5",
                "sha256:b77d08274639e3d34145dfa6c7008e66df0f04b7be7a75fd0d5292c191d79045"
            ],
            "index": "pypi",
            "version": "==0.21.0"
        },
        "pytz": {
            "hashes": [
                "sha256:01a0681c4b9684a28304615eba55d1ab31ae00bf68ec157ec3708a8182dbbcd0",
                "sha256:78f4f37d8198e0627c5f1143240bb0206b8691d8d7ac6d78fee88b78733f8c4a"
            ],
            "version": "==2022.7.1"
        },
        "redis": {
            "hashes": [
                "sha256:a010f6cb7378065040a02839c3f75c7e0fb37a87116fb4a95be82a95552776c7",
                "sha256:e6206448e2f8a432871d07d432c13ed6c2abcf6b74edb436c99752b1371be387"
            ],
            "markers": "python_version >= '3.7'",
            "version": "==4.4.2"
        },
        "requests": {
            "hashes": [
                "sha256:64299f4909223da747622c030b781c0d7811e359c37124b4bd368fb8c6518baa",
                "sha256:98b1b2782e3c6c4904938b84c0eb932721069dfdb9134313beff7c83c2df24bf"
            ],
            "markers": "python_version >= '3.7' and python_version < '4'",
            "version": "==2.28.2"
        },
        "scikit-learn": {
            "hashes": [
                "sha256:0834e4cec2a2e0d8978f39cb8fe1cad3be6c27a47927e1774bf5737ea65ec228",
                "sha256:184a42842a4e698ffa4d849b6019de50a77a0aa24d26afa28fa49c9190bb144b",
                "sha256:1beaa631434d1f17a20b1eef5d842e58c195875d2bc11901a1a70b5fe544745b",
                "sha256:23a88883ca60c571a06278e4726b3b51b3709cfa4c93cacbf5568b22ba960899",
                "sha256:25ba705ee1600ffc5df1dccd8fae129d7c6836e44ffcbb52d78536c9eaf8fcf9",
                "sha256:40f3ff68c505cb9d1f3693397c73991875d609da905087e00e7b4477645ec67b",
                "sha256:4e1ea0bc1706da45589bcf2490cde6276490a1b88f9af208dbb396fdc3a0babf",
                "sha256:5546a8894a0616e92489ef995b39a0715829f3df96e801bb55cbf196be0d9649",
                "sha256:680b65b3caee469541385d2ca5b03ff70408f6c618c583948312f0d2125df680",
                "sha256:6b63ca2b0643d30fbf9d25d93017ed3fb8351f31175d82d104bfec60cba7bb87",
                "sha256:83c772fa8c64776ad769fd764752c8452844307adcf10dee3adcc43988260f21",
                "sha256:867023a044fdfe59e5014a7fec7a3086a8928f10b5dce9382eedf4135f6709a2",
                "sha256:bc7073e025b62c1067cbfb76e69d08650c6b9d7a0e7afdfa20cb92d4afe516f6",
                "sha256:ceb0008f345188aa236e49c973dc160b9ed504a3abd7b321a0ecabcb669be0bd",
                "sha256:d395730f26d8fc752321f1953ddf72647c892d8bed74fad4d7c816ec9b602dfa",
                "sha256:da29d2e379c396a63af5ed4b671ad2005cd690ac373a23bee5a0f66504e05272",
                "sha256:de897720173b26842e21bed54362f5294e282422116b61cd931d4f5d870b9855",
                "sha256:e9535e867281ae6987bb80620ba14cf1649e936bfe45f48727b978b7a2dbe835",
                "sha256:f17420a8e3f40129aeb7e0f5ee35822d6178617007bb8f69521a2cefc20d5f00",
                "sha256:fc0a72237f0c56780cf550df87201a702d3bdcbbb23c6ef7d54c19326fa23f19",
                "sha256:fd3480c982b9e616b9f76ad8587804d3f4e91b4e2a6752e7dafb8a2e1f541098"
            ],
            "index": "pypi",
            "version": "==1.2.0"
        },
        "scipy": {
            "hashes": [
                "sha256:0490dc499fe23e4be35b8b6dd1e60a4a34f0c4adb30ac671e6332446b3cbbb5a",
                "sha256:0ab2a58064836632e2cec31ca197d3695c86b066bc4818052b3f5381bfd2a728",
                "sha256:151f066fe7d6653c3ffefd489497b8fa66d7316e3e0d0c0f7ff6acca1b802809",
                "sha256:16ba05d3d1b9f2141004f3f36888e05894a525960b07f4c2bfc0456b955a00be",
                "sha256:27e548276b5a88b51212b61f6dda49a24acf5d770dff940bd372b3f7ced8c6c2",
                "sha256:2ad449db4e0820e4b42baccefc98ec772ad7818dcbc9e28b85aa05a536b0f1a2",
                "sha256:2f9ea0a37aca111a407cb98aa4e8dfde6e5d9333bae06dfa5d938d14c80bb5c3",
                "sha256:38bfbd18dcc69eeb589811e77fae552fa923067fdfbb2e171c9eac749885f210",
                "sha256:3afcbddb4488ac950ce1147e7580178b333a29cd43524c689b2e3543a080a2c8",
                "sha256:42ab8b9e7dc1ebe248e55f54eea5307b6ab15011a7883367af48dd781d1312e4",
                "sha256:441cab2166607c82e6d7a8683779cb89ba0f475b983c7e4ab88f3668e268c143",
                "sha256:4bd0e3278126bc882d10414436e58fa3f1eca0aa88b534fcbf80ed47e854f46c",
                "sha256:4df25a28bd22c990b22129d3c637fd5c3be4b7c94f975dca909d8bab3309b694",
                "sha256:5cd7a30970c29d9768a7164f564d1fbf2842bfc77b7d114a99bc32703ce0bf48",
                "sha256:6e4497e5142f325a5423ff5fda2fff5b5d953da028637ff7c704378c8c284ea7",
                "sha256:6faf86ef7717891195ae0537e48da7524d30bc3b828b30c9b115d04ea42f076f",
                "sha256:954ff69d2d1bf666b794c1d7216e0a746c9d9289096a64ab3355a17c7c59db54",
                "sha256:9b878c671655864af59c108c20e4da1e796154bd78c0ed6bb02bc41c84625686",
                "sha256:b901b423c91281a974f6cd1c36f5c6c523e665b5a6d5e80fcb2334e14670eefd",
                "sha256:c8b3cbc636a87a89b770c6afc999baa6bcbb01691b5ccbbc1b1791c7c0a07540",
                "sha256:e096b062d2efdea57f972d232358cb068413dc54eec4f24158bcbb5cb8bddfd8"
            ],
            "markers": "python_version < '3.12' and python_version >= '3.8'",
            "version": "==1.10.0"
        },
        "six": {
            "hashes": [
                "sha256:1e61c37477a1626458e36f7b1d82aa5c9b094fa4802892072e49de9c60c4c926",
                "sha256:8abb2f1d86890a2dfb989f9a77cfcfd3e47c2a354b01111771326f8aa26e0254"
            ],
            "markers": "python_version >= '2.7' and python_version not in '3.0, 3.1, 3.2, 3.3'",
            "version": "==1.16.0"
        },
        "slugify": {
            "hashes": [
                "sha256:c5703cc11c1a6947536f3ce8bb306766b8bb5a84a53717f5a703ce0f18235e4c"
            ],
            "index": "pypi",
            "version": "==0.0.1"
        },
        "spotipy": {
            "hashes": [
                "sha256:1d44c6da7f2012f4134d9b70f189ccef0fc924a7dec0a245750b3552abb0cec5",
                "sha256:b8b9ee9b16ce259e3dbadbc78b40f3760cdc4cc33db7d930252ec790912176d0",
                "sha256:fb7b0e86b0bbb458ffd4dc53b4627e5bb95ea52e70887b9d23e0b2ecf11ede5e"
            ],
            "index": "pypi",
            "version": "==2.22.0"
        },
        "sqlparse": {
            "hashes": [
                "sha256:0323c0ec29cd52bceabc1b4d9d579e311f3e4961b98d174201d5622a23b85e34",
                "sha256:69ca804846bb114d2ec380e4360a8a340db83f0ccf3afceeb1404df028f57268"
            ],
            "markers": "python_version >= '3.5'",
            "version": "==0.4.3"
        },
        "threadpoolctl": {
            "hashes": [
                "sha256:8b99adda265feb6773280df41eece7b2e6561b772d21ffd52e372f999024907b",
                "sha256:a335baacfaa4400ae1f0d8e3a58d6674d2f8828e3716bb2802c44955ad391380"
            ],
            "markers": "python_version >= '3.6'",
            "version": "==3.1.0"
        },
        "urllib3": {
            "hashes": [
                "sha256:076907bf8fd355cde77728471316625a4d2f7e713c125f51953bb5b3eecf4f72",
                "sha256:75edcdc2f7d85b137124a6c3c9fc3933cdeaa12ecb9a6a959f22797a0feca7e1"
            ],
            "markers": "python_version >= '2.7' and python_version not in '3.0, 3.1, 3.2, 3.3, 3.4, 3.5'",
            "version": "==1.26.14"
        }
    },
    "develop": {}
}
